// !$*UTF8*$!
{
	archiveVersion = 1;
	classes = {
	};
	objectVersion = 56;
	objects = {

/* Begin PBXBuildFile section */
		AF3BF9202BE0C89E00E7CABD /* TicTacTocViewController.swift in Sources */ = {isa = PBXBuildFile; fileRef = AF3BF91F2BE0C89E00E7CABD /* TicTacTocViewController.swift */; };
		AF4F0DCC2BD7869E00F1FE90 /* AppDelegate.swift in Sources */ = {isa = PBXBuildFile; fileRef = AF4F0DCB2BD7869E00F1FE90 /* AppDelegate.swift */; };
		AF4F0DCE2BD7869E00F1FE90 /* SceneDelegate.swift in Sources */ = {isa = PBXBuildFile; fileRef = AF4F0DCD2BD7869E00F1FE90 /* SceneDelegate.swift */; };
		AF4F0DD32BD7869E00F1FE90 /* Base in Resources */ = {isa = PBXBuildFile; fileRef = AF4F0DD22BD7869E00F1FE90 /* Base */; };
		AF4F0DD52BD7869F00F1FE90 /* Assets.xcassets in Resources */ = {isa = PBXBuildFile; fileRef = AF4F0DD42BD7869F00F1FE90 /* Assets.xcassets */; };
		AF4F0DD82BD7869F00F1FE90 /* Base in Resources */ = {isa = PBXBuildFile; fileRef = AF4F0DD72BD7869F00F1FE90 /* Base */; };
		AF4F0DE32BD786A000F1FE90 /* TicTacToeTests.swift in Sources */ = {isa = PBXBuildFile; fileRef = AF4F0DE22BD786A000F1FE90 /* TicTacToeTests.swift */; };
		AF4F0DED2BD786A000F1FE90 /* TicTacToeUITests.swift in Sources */ = {isa = PBXBuildFile; fileRef = AF4F0DEC2BD786A000F1FE90 /* TicTacToeUITests.swift */; };
		AF4F0DEF2BD786A000F1FE90 /* TicTacToeUITestsLaunchTests.swift in Sources */ = {isa = PBXBuildFile; fileRef = AF4F0DEE2BD786A000F1FE90 /* TicTacToeUITestsLaunchTests.swift */; };
/* End PBXBuildFile section */

/* Begin PBXContainerItemProxy section */
		AF4F0DDF2BD786A000F1FE90 /* PBXContainerItemProxy */ = {
			isa = PBXContainerItemProxy;
			containerPortal = AF4F0DC02BD7869E00F1FE90 /* Project object */;
			proxyType = 1;
			remoteGlobalIDString = AF4F0DC72BD7869E00F1FE90;
			remoteInfo = TicTacToe;
		};
		AF4F0DE92BD786A000F1FE90 /* PBXContainerItemProxy */ = {
			isa = PBXContainerItemProxy;
			containerPortal = AF4F0DC02BD7869E00F1FE90 /* Project object */;
			proxyType = 1;
			remoteGlobalIDString = AF4F0DC72BD7869E00F1FE90;
			remoteInfo = TicTacToe;
		};
/* End PBXContainerItemProxy section */

/* Begin PBXFileReference section */
		AF3BF91F2BE0C89E00E7CABD /* TicTacTocViewController.swift */ = {isa = PBXFileReference; lastKnownFileType = sourcecode.swift; path = TicTacTocViewController.swift; sourceTree = "<group>"; };
		AF4F0DC82BD7869E00F1FE90 /* TicTacToe.app */ = {isa = PBXFileReference; explicitFileType = wrapper.application; includeInIndex = 0; path = TicTacToe.app; sourceTree = BUILT_PRODUCTS_DIR; };
		AF4F0DCB2BD7869E00F1FE90 /* AppDelegate.swift */ = {isa = PBXFileReference; lastKnownFileType = sourcecode.swift; path = AppDelegate.swift; sourceTree = "<group>"; };
		AF4F0DCD2BD7869E00F1FE90 /* SceneDelegate.swift */ = {isa = PBXFileReference; lastKnownFileType = sourcecode.swift; path = SceneDelegate.swift; sourceTree = "<group>"; };
		AF4F0DD22BD7869E00F1FE90 /* Base */ = {isa = PBXFileReference; lastKnownFileType = file.storyboard; name = Base; path = Base.lproj/Main.storyboard; sourceTree = "<group>"; };
		AF4F0DD42BD7869F00F1FE90 /* Assets.xcassets */ = {isa = PBXFileReference; lastKnownFileType = folder.assetcatalog; path = Assets.xcassets; sourceTree = "<group>"; };
		AF4F0DD72BD7869F00F1FE90 /* Base */ = {isa = PBXFileReference; lastKnownFileType = file.storyboard; name = Base; path = Base.lproj/LaunchScreen.storyboard; sourceTree = "<group>"; };
		AF4F0DD92BD7869F00F1FE90 /* Info.plist */ = {isa = PBXFileReference; lastKnownFileType = text.plist.xml; path = Info.plist; sourceTree = "<group>"; };
		AF4F0DDE2BD786A000F1FE90 /* TicTacToeTests.xctest */ = {isa = PBXFileReference; explicitFileType = wrapper.cfbundle; includeInIndex = 0; path = TicTacToeTests.xctest; sourceTree = BUILT_PRODUCTS_DIR; };
		AF4F0DE22BD786A000F1FE90 /* TicTacToeTests.swift */ = {isa = PBXFileReference; lastKnownFileType = sourcecode.swift; path = TicTacToeTests.swift; sourceTree = "<group>"; };
		AF4F0DE82BD786A000F1FE90 /* TicTacToeUITests.xctest */ = {isa = PBXFileReference; explicitFileType = wrapper.cfbundle; includeInIndex = 0; path = TicTacToeUITests.xctest; sourceTree = BUILT_PRODUCTS_DIR; };
		AF4F0DEC2BD786A000F1FE90 /* TicTacToeUITests.swift */ = {isa = PBXFileReference; lastKnownFileType = sourcecode.swift; path = TicTacToeUITests.swift; sourceTree = "<group>"; };
		AF4F0DEE2BD786A000F1FE90 /* TicTacToeUITestsLaunchTests.swift */ = {isa = PBXFileReference; lastKnownFileType = sourcecode.swift; path = TicTacToeUITestsLaunchTests.swift; sourceTree = "<group>"; };
/* End PBXFileReference section */

/* Begin PBXFrameworksBuildPhase section */
		AF4F0DC52BD7869E00F1FE90 /* Frameworks */ = {
			isa = PBXFrameworksBuildPhase;
			buildActionMask = 2147483647;
			files = (
			);
			runOnlyForDeploymentPostprocessing = 0;
		};
		AF4F0DDB2BD786A000F1FE90 /* Frameworks */ = {
			isa = PBXFrameworksBuildPhase;
			buildActionMask = 2147483647;
			files = (
			);
			runOnlyForDeploymentPostprocessing = 0;
		};
		AF4F0DE52BD786A000F1FE90 /* Frameworks */ = {
			isa = PBXFrameworksBuildPhase;
			buildActionMask = 2147483647;
			files = (
			);
			runOnlyForDeploymentPostprocessing = 0;
		};
/* End PBXFrameworksBuildPhase section */

/* Begin PBXGroup section */
		AF4F0DBF2BD7869E00F1FE90 = {
			isa = PBXGroup;
			children = (
				AF4F0DCA2BD7869E00F1FE90 /* TicTacToe */,
				AF4F0DE12BD786A000F1FE90 /* TicTacToeTests */,
				AF4F0DEB2BD786A000F1FE90 /* TicTacToeUITests */,
				AF4F0DC92BD7869E00F1FE90 /* Products */,
			);
			sourceTree = "<group>";
		};
		AF4F0DC92BD7869E00F1FE90 /* Products */ = {
			isa = PBXGroup;
			children = (
				AF4F0DC82BD7869E00F1FE90 /* TicTacToe.app */,
				AF4F0DDE2BD786A000F1FE90 /* TicTacToeTests.xctest */,
				AF4F0DE82BD786A000F1FE90 /* TicTacToeUITests.xctest */,
			);
			name = Products;
			sourceTree = "<group>";
		};
		AF4F0DCA2BD7869E00F1FE90 /* TicTacToe */ = {
			isa = PBXGroup;
			children = (
				AF4F0DCB2BD7869E00F1FE90 /* AppDelegate.swift */,
				AF3BF91F2BE0C89E00E7CABD /* TicTacTocViewController.swift */,
				AF4F0DCD2BD7869E00F1FE90 /* SceneDelegate.swift */,
				AF4F0DD12BD7869E00F1FE90 /* Main.storyboard */,
				AF4F0DD42BD7869F00F1FE90 /* Assets.xcassets */,
				AF4F0DD62BD7869F00F1FE90 /* LaunchScreen.storyboard */,
				AF4F0DD92BD7869F00F1FE90 /* Info.plist */,
			);
			path = TicTacToe;
			sourceTree = "<group>";
		};
		AF4F0DE12BD786A000F1FE90 /* TicTacToeTests */ = {
			isa = PBXGroup;
			children = (
				AF4F0DE22BD786A000F1FE90 /* TicTacToeTests.swift */,
			);
			path = TicTacToeTests;
			sourceTree = "<group>";
		};
		AF4F0DEB2BD786A000F1FE90 /* TicTacToeUITests */ = {
			isa = PBXGroup;
			children = (
				AF4F0DEC2BD786A000F1FE90 /* TicTacToeUITests.swift */,
				AF4F0DEE2BD786A000F1FE90 /* TicTacToeUITestsLaunchTests.swift */,
			);
			path = TicTacToeUITests;
			sourceTree = "<group>";
		};
/* End PBXGroup section */

/* Begin PBXNativeTarget section */
		AF4F0DC72BD7869E00F1FE90 /* TicTacToe */ = {
			isa = PBXNativeTarget;
			buildConfigurationList = AF4F0DF22BD786A000F1FE90 /* Build configuration list for PBXNativeTarget "TicTacToe" */;
			buildPhases = (
				AF4F0DC42BD7869E00F1FE90 /* Sources */,
				AF4F0DC52BD7869E00F1FE90 /* Frameworks */,
				AF4F0DC62BD7869E00F1FE90 /* Resources */,
			);
			buildRules = (
			);
			dependencies = (
			);
			name = TicTacToe;
			productName = TicTacToe;
			productReference = AF4F0DC82BD7869E00F1FE90 /* TicTacToe.app */;
			productType = "com.apple.product-type.application";
		};
		AF4F0DDD2BD786A000F1FE90 /* TicTacToeTests */ = {
			isa = PBXNativeTarget;
			buildConfigurationList = AF4F0DF52BD786A000F1FE90 /* Build configuration list for PBXNativeTarget "TicTacToeTests" */;
			buildPhases = (
				AF4F0DDA2BD786A000F1FE90 /* Sources */,
				AF4F0DDB2BD786A000F1FE90 /* Frameworks */,
				AF4F0DDC2BD786A000F1FE90 /* Resources */,
			);
			buildRules = (
			);
			dependencies = (
				AF4F0DE02BD786A000F1FE90 /* PBXTargetDependency */,
			);
			name = TicTacToeTests;
			productName = TicTacToeTests;
			productReference = AF4F0DDE2BD786A000F1FE90 /* TicTacToeTests.xctest */;
			productType = "com.apple.product-type.bundle.unit-test";
		};
		AF4F0DE72BD786A000F1FE90 /* TicTacToeUITests */ = {
			isa = PBXNativeTarget;
			buildConfigurationList = AF4F0DF82BD786A000F1FE90 /* Build configuration list for PBXNativeTarget "TicTacToeUITests" */;
			buildPhases = (
				AF4F0DE42BD786A000F1FE90 /* Sources */,
				AF4F0DE52BD786A000F1FE90 /* Frameworks */,
				AF4F0DE62BD786A000F1FE90 /* Resources */,
			);
			buildRules = (
			);
			dependencies = (
				AF4F0DEA2BD786A000F1FE90 /* PBXTargetDependency */,
			);
			name = TicTacToeUITests;
			productName = TicTacToeUITests;
			productReference = AF4F0DE82BD786A000F1FE90 /* TicTacToeUITests.xctest */;
			productType = "com.apple.product-type.bundle.ui-testing";
		};
/* End PBXNativeTarget section */

/* Begin PBXProject section */
		AF4F0DC02BD7869E00F1FE90 /* Project object */ = {
			isa = PBXProject;
			attributes = {
				BuildIndependentTargetsInParallel = 1;
				LastSwiftUpdateCheck = 1530;
				LastUpgradeCheck = 1530;
				TargetAttributes = {
					AF4F0DC72BD7869E00F1FE90 = {
						CreatedOnToolsVersion = 15.3;
					};
					AF4F0DDD2BD786A000F1FE90 = {
						CreatedOnToolsVersion = 15.3;
						TestTargetID = AF4F0DC72BD7869E00F1FE90;
					};
					AF4F0DE72BD786A000F1FE90 = {
						CreatedOnToolsVersion = 15.3;
						TestTargetID = AF4F0DC72BD7869E00F1FE90;
					};
				};
			};
			buildConfigurationList = AF4F0DC32BD7869E00F1FE90 /* Build configuration list for PBXProject "TicTacToe" */;
			compatibilityVersion = "Xcode 14.0";
			developmentRegion = en;
			hasScannedForEncodings = 0;
			knownRegions = (
				en,
				Base,
			);
			mainGroup = AF4F0DBF2BD7869E00F1FE90;
			productRefGroup = AF4F0DC92BD7869E00F1FE90 /* Products */;
			projectDirPath = "";
			projectRoot = "";
			targets = (
				AF4F0DC72BD7869E00F1FE90 /* TicTacToe */,
				AF4F0DDD2BD786A000F1FE90 /* TicTacToeTests */,
				AF4F0DE72BD786A000F1FE90 /* TicTacToeUITests */,
			);
		};
/* End PBXProject section */

/* Begin PBXResourcesBuildPhase section */
		AF4F0DC62BD7869E00F1FE90 /* Resources */ = {
			isa = PBXResourcesBuildPhase;
			buildActionMask = 2147483647;
			files = (
				AF4F0DD52BD7869F00F1FE90 /* Assets.xcassets in Resources */,
				AF4F0DD82BD7869F00F1FE90 /* Base in Resources */,
				AF4F0DD32BD7869E00F1FE90 /* Base in Resources */,
			);
			runOnlyForDeploymentPostprocessing = 0;
		};
		AF4F0DDC2BD786A000F1FE90 /* Resources */ = {
			isa = PBXResourcesBuildPhase;
			buildActionMask = 2147483647;
			files = (
			);
			runOnlyForDeploymentPostprocessing = 0;
		};
		AF4F0DE62BD786A000F1FE90 /* Resources */ = {
			isa = PBXResourcesBuildPhase;
			buildActionMask = 2147483647;
			files = (
			);
			runOnlyForDeploymentPostprocessing = 0;
		};
/* End PBXResourcesBuildPhase section */

/* Begin PBXSourcesBuildPhase section */
		AF4F0DC42BD7869E00F1FE90 /* Sources */ = {
			isa = PBXSourcesBuildPhase;
			buildActionMask = 2147483647;
			files = (
				AF3BF9202BE0C89E00E7CABD /* TicTacTocViewController.swift in Sources */,
				AF4F0DCC2BD7869E00F1FE90 /* AppDelegate.swift in Sources */,
				AF4F0DCE2BD7869E00F1FE90 /* SceneDelegate.swift in Sources */,
			);
			runOnlyForDeploymentPostprocessing = 0;
		};
		AF4F0DDA2BD786A000F1FE90 /* Sources */ = {
			isa = PBXSourcesBuildPhase;
			buildActionMask = 2147483647;
			files = (
				AF4F0DE32BD786A000F1FE90 /* TicTacToeTests.swift in Sources */,
			);
			runOnlyForDeploymentPostprocessing = 0;
		};
		AF4F0DE42BD786A000F1FE90 /* Sources */ = {
			isa = PBXSourcesBuildPhase;
			buildActionMask = 2147483647;
			files = (
				AF4F0DED2BD786A000F1FE90 /* TicTacToeUITests.swift in Sources */,
				AF4F0DEF2BD786A000F1FE90 /* TicTacToeUITestsLaunchTests.swift in Sources */,
			);
			runOnlyForDeploymentPostprocessing = 0;
		};
/* End PBXSourcesBuildPhase section */

/* Begin PBXTargetDependency section */
		AF4F0DE02BD786A000F1FE90 /* PBXTargetDependency */ = {
			isa = PBXTargetDependency;
			target = AF4F0DC72BD7869E00F1FE90 /* TicTacToe */;
			targetProxy = AF4F0DDF2BD786A000F1FE90 /* PBXContainerItemProxy */;
		};
		AF4F0DEA2BD786A000F1FE90 /* PBXTargetDependency */ = {
			isa = PBXTargetDependency;
			target = AF4F0DC72BD7869E00F1FE90 /* TicTacToe */;
			targetProxy = AF4F0DE92BD786A000F1FE90 /* PBXContainerItemProxy */;
		};
/* End PBXTargetDependency section */

/* Begin PBXVariantGroup section */
		AF4F0DD12BD7869E00F1FE90 /* Main.storyboard */ = {
			isa = PBXVariantGroup;
			children = (
				AF4F0DD22BD7869E00F1FE90 /* Base */,
			);
			name = Main.storyboard;
			sourceTree = "<group>";
		};
		AF4F0DD62BD7869F00F1FE90 /* LaunchScreen.storyboard */ = {
			isa = PBXVariantGroup;
			children = (
				AF4F0DD72BD7869F00F1FE90 /* Base */,
			);
			name = LaunchScreen.storyboard;
			sourceTree = "<group>";
		};
/* End PBXVariantGroup section */

/* Begin XCBuildConfiguration section */
		AF4F0DF02BD786A000F1FE90 /* Debug */ = {
			isa = XCBuildConfiguration;
			buildSettings = {
				ALWAYS_SEARCH_USER_PATHS = NO;
				ASSETCATALOG_COMPILER_GENERATE_SWIFT_ASSET_SYMBOL_EXTENSIONS = YES;
				CLANG_ANALYZER_NONNULL = YES;
				CLANG_ANALYZER_NUMBER_OBJECT_CONVERSION = YES_AGGRESSIVE;
				CLANG_CXX_LANGUAGE_STANDARD = "gnu++20";
				CLANG_ENABLE_MODULES = YES;
				CLANG_ENABLE_OBJC_ARC = YES;
				CLANG_ENABLE_OBJC_WEAK = YES;
				CLANG_WARN_BLOCK_CAPTURE_AUTORELEASING = YES;
				CLANG_WARN_BOOL_CONVERSION = YES;
				CLANG_WARN_COMMA = YES;
				CLANG_WARN_CONSTANT_CONVERSION = YES;
				CLANG_WARN_DEPRECATED_OBJC_IMPLEMENTATIONS = YES;
				CLANG_WARN_DIRECT_OBJC_ISA_USAGE = YES_ERROR;
				CLANG_WARN_DOCUMENTATION_COMMENTS = YES;
				CLANG_WARN_EMPTY_BODY = YES;
				CLANG_WARN_ENUM_CONVERSION = YES;
				CLANG_WARN_INFINITE_RECURSION = YES;
				CLANG_WARN_INT_CONVERSION = YES;
				CLANG_WARN_NON_LITERAL_NULL_CONVERSION = YES;
				CLANG_WARN_OBJC_IMPLICIT_RETAIN_SELF = YES;
				CLANG_WARN_OBJC_LITERAL_CONVERSION = YES;
				CLANG_WARN_OBJC_ROOT_CLASS = YES_ERROR;
				CLANG_WARN_QUOTED_INCLUDE_IN_FRAMEWORK_HEADER = YES;
				CLANG_WARN_RANGE_LOOP_ANALYSIS = YES;
				CLANG_WARN_STRICT_PROTOTYPES = YES;
				CLANG_WARN_SUSPICIOUS_MOVE = YES;
				CLANG_WARN_UNGUARDED_AVAILABILITY = YES_AGGRESSIVE;
				CLANG_WARN_UNREACHABLE_CODE = YES;
				CLANG_WARN__DUPLICATE_METHOD_MATCH = YES;
				COPY_PHASE_STRIP = NO;
				DEBUG_INFORMATION_FORMAT = dwarf;
				ENABLE_STRICT_OBJC_MSGSEND = YES;
				ENABLE_TESTABILITY = YES;
				ENABLE_USER_SCRIPT_SANDBOXING = YES;
				GCC_C_LANGUAGE_STANDARD = gnu17;
				GCC_DYNAMIC_NO_PIC = NO;
				GCC_NO_COMMON_BLOCKS = YES;
				GCC_OPTIMIZATION_LEVEL = 0;
				GCC_PREPROCESSOR_DEFINITIONS = (
					"DEBUG=1",
					"$(inherited)",
				);
				GCC_WARN_64_TO_32_BIT_CONVERSION = YES;
				GCC_WARN_ABOUT_RETURN_TYPE = YES_ERROR;
				GCC_WARN_UNDECLARED_SELECTOR = YES;
				GCC_WARN_UNINITIALIZED_AUTOS = YES_AGGRESSIVE;
				GCC_WARN_UNUSED_FUNCTION = YES;
				GCC_WARN_UNUSED_VARIABLE = YES;
				IPHONEOS_DEPLOYMENT_TARGET = 17.4;
				LOCALIZATION_PREFERS_STRING_CATALOGS = YES;
				MTL_ENABLE_DEBUG_INFO = INCLUDE_SOURCE;
				MTL_FAST_MATH = YES;
				ONLY_ACTIVE_ARCH = YES;
				SDKROOT = iphoneos;
				SWIFT_ACTIVE_COMPILATION_CONDITIONS = "DEBUG $(inherited)";
				SWIFT_OPTIMIZATION_LEVEL = "-Onone";
			};
			name = Debug;
		};
		AF4F0DF12BD786A000F1FE90 /* Release */ = {
			isa = XCBuildConfiguration;
			buildSettings = {
				ALWAYS_SEARCH_USER_PATHS = NO;
				ASSETCATALOG_COMPILER_GENERATE_SWIFT_ASSET_SYMBOL_EXTENSIONS = YES;
				CLANG_ANALYZER_NONNULL = YES;
				CLANG_ANALYZER_NUMBER_OBJECT_CONVERSION = YES_AGGRESSIVE;
				CLANG_CXX_LANGUAGE_STANDARD = "gnu++20";
				CLANG_ENABLE_MODULES = YES;
				CLANG_ENABLE_OBJC_ARC = YES;
				CLANG_ENABLE_OBJC_WEAK = YES;
				CLANG_WARN_BLOCK_CAPTURE_AUTORELEASING = YES;
				CLANG_WARN_BOOL_CONVERSION = YES;
				CLANG_WARN_COMMA = YES;
				CLANG_WARN_CONSTANT_CONVERSION = YES;
				CLANG_WARN_DEPRECATED_OBJC_IMPLEMENTATIONS = YES;
				CLANG_WARN_DIRECT_OBJC_ISA_USAGE = YES_ERROR;
				CLANG_WARN_DOCUMENTATION_COMMENTS = YES;
				CLANG_WARN_EMPTY_BODY = YES;
				CLANG_WARN_ENUM_CONVERSION = YES;
				CLANG_WARN_INFINITE_RECURSION = YES;
				CLANG_WARN_INT_CONVERSION = YES;
				CLANG_WARN_NON_LITERAL_NULL_CONVERSION = YES;
				CLANG_WARN_OBJC_IMPLICIT_RETAIN_SELF = YES;
				CLANG_WARN_OBJC_LITERAL_CONVERSION = YES;
				CLANG_WARN_OBJC_ROOT_CLASS = YES_ERROR;
				CLANG_WARN_QUOTED_INCLUDE_IN_FRAMEWORK_HEADER = YES;
				CLANG_WARN_RANGE_LOOP_ANALYSIS = YES;
				CLANG_WARN_STRICT_PROTOTYPES = YES;
				CLANG_WARN_SUSPICIOUS_MOVE = YES;
				CLANG_WARN_UNGUARDED_AVAILABILITY = YES_AGGRESSIVE;
				CLANG_WARN_UNREACHABLE_CODE = YES;
				CLANG_WARN__DUPLICATE_METHOD_MATCH = YES;
				COPY_PHASE_STRIP = NO;
				DEBUG_INFORMATION_FORMAT = "dwarf-with-dsym";
				ENABLE_NS_ASSERTIONS = NO;
				ENABLE_STRICT_OBJC_MSGSEND = YES;
				ENABLE_USER_SCRIPT_SANDBOXING = YES;
				GCC_C_LANGUAGE_STANDARD = gnu17;
				GCC_NO_COMMON_BLOCKS = YES;
				GCC_WARN_64_TO_32_BIT_CONVERSION = YES;
				GCC_WARN_ABOUT_RETURN_TYPE = YES_ERROR;
				GCC_WARN_UNDECLARED_SELECTOR = YES;
				GCC_WARN_UNINITIALIZED_AUTOS = YES_AGGRESSIVE;
				GCC_WARN_UNUSED_FUNCTION = YES;
				GCC_WARN_UNUSED_VARIABLE = YES;
				IPHONEOS_DEPLOYMENT_TARGET = 17.4;
				LOCALIZATION_PREFERS_STRING_CATALOGS = YES;
				MTL_ENABLE_DEBUG_INFO = NO;
				MTL_FAST_MATH = YES;
				SDKROOT = iphoneos;
				SWIFT_COMPILATION_MODE = wholemodule;
				VALIDATE_PRODUCT = YES;
			};
			name = Release;
		};
		AF4F0DF32BD786A000F1FE90 /* Debug */ = {
			isa = XCBuildConfiguration;
			buildSettings = {
				ASSETCATALOG_COMPILER_APPICON_NAME = AppIcon;
				ASSETCATALOG_COMPILER_GLOBAL_ACCENT_COLOR_NAME = AccentColor;
				CODE_SIGN_STYLE = Automatic;
				CURRENT_PROJECT_VERSION = 1;
				GENERATE_INFOPLIST_FILE = YES;
				INFOPLIST_FILE = TicTacToe/Info.plist;
				INFOPLIST_KEY_UIApplicationSupportsIndirectInputEvents = YES;
				INFOPLIST_KEY_UILaunchStoryboardName = LaunchScreen;
				INFOPLIST_KEY_UIMainStoryboardFile = Main;
				INFOPLIST_KEY_UISupportedInterfaceOrientations_iPad = "UIInterfaceOrientationPortrait UIInterfaceOrientationPortraitUpsideDown UIInterfaceOrientationLandscapeLeft UIInterfaceOrientationLandscapeRight";
				INFOPLIST_KEY_UISupportedInterfaceOrientations_iPhone = "UIInterfaceOrientationPortrait UIInterfaceOrientationLandscapeLeft UIInterfaceOrientationLandscapeRight";
				LD_RUNPATH_SEARCH_PATHS = (
					"$(inherited)",
					"@executable_path/Frameworks",
				);
				MARKETING_VERSION = 1.0;
				PRODUCT_BUNDLE_IDENTIFIER = saitm.TicTacToe;
				PRODUCT_NAME = "$(TARGET_NAME)";
				SWIFT_EMIT_LOC_STRINGS = YES;
				SWIFT_VERSION = 5.0;
				TARGETED_DEVICE_FAMILY = "1,2";
			};
			name = Debug;
		};
		AF4F0DF42BD786A000F1FE90 /* Release */ = {
			isa = XCBuildConfiguration;
			buildSettings = {
				ASSETCATALOG_COMPILER_APPICON_NAME = AppIcon;
				ASSETCATALOG_COMPILER_GLOBAL_ACCENT_COLOR_NAME = AccentColor;
				CODE_SIGN_STYLE = Automatic;
				CURRENT_PROJECT_VERSION = 1;
				GENERATE_INFOPLIST_FILE = YES;
				INFOPLIST_FILE = TicTacToe/Info.plist;
				INFOPLIST_KEY_UIApplicationSupportsIndirectInputEvents = YES;
				INFOPLIST_KEY_UILaunchStoryboardName = LaunchScreen;
				INFOPLIST_KEY_UIMainStoryboardFile = Main;
				INFOPLIST_KEY_UISupportedInterfaceOrientations_iPad = "UIInterfaceOrientationPortrait UIInterfaceOrientationPortraitUpsideDown UIInterfaceOrientationLandscapeLeft UIInterfaceOrientationLandscapeRight";
				INFOPLIST_KEY_UISupportedInterfaceOrientations_iPhone = "UIInterfaceOrientationPortrait UIInterfaceOrientationLandscapeLeft UIInterfaceOrientationLandscapeRight";
				LD_RUNPATH_SEARCH_PATHS = (
					"$(inherited)",
					"@executable_path/Frameworks",
				);
				MARKETING_VERSION = 1.0;
				PRODUCT_BUNDLE_IDENTIFIER = saitm.TicTacToe;
				PRODUCT_NAME = "$(TARGET_NAME)";
				SWIFT_EMIT_LOC_STRINGS = YES;
				SWIFT_VERSION = 5.0;
				TARGETED_DEVICE_FAMILY = "1,2";
			};
			name = Release;
		};
		AF4F0DF62BD786A000F1FE90 /* Debug */ = {
			isa = XCBuildConfiguration;
			buildSettings = {
				ALWAYS_EMBED_SWIFT_STANDARD_LIBRARIES = YES;
				BUNDLE_LOADER = "$(TEST_HOST)";
				CODE_SIGN_STYLE = Automatic;
				CURRENT_PROJECT_VERSION = 1;
				GENERATE_INFOPLIST_FILE = YES;
				IPHONEOS_DEPLOYMENT_TARGET = 17.4;
				MARKETING_VERSION = 1.0;
				PRODUCT_BUNDLE_IDENTIFIER = saitm.TicTacToeTests;
				PRODUCT_NAME = "$(TARGET_NAME)";
				SWIFT_EMIT_LOC_STRINGS = NO;
				SWIFT_VERSION = 5.0;
				TARGETED_DEVICE_FAMILY = "1,2";
				TEST_HOST = "$(BUILT_PRODUCTS_DIR)/TicTacToe.app/$(BUNDLE_EXECUTABLE_FOLDER_PATH)/TicTacToe";
			};
			name = Debug;
		};
		AF4F0DF72BD786A000F1FE90 /* Release */ = {
			isa = XCBuildConfiguration;
			buildSettings = {
				ALWAYS_EMBED_SWIFT_STANDARD_LIBRARIES = YES;
				BUNDLE_LOADER = "$(TEST_HOST)";
				CODE_SIGN_STYLE = Automatic;
				CURRENT_PROJECT_VERSION = 1;
				GENERATE_INFOPLIST_FILE = YES;
				IPHONEOS_DEPLOYMENT_TARGET = 17.4;
				MARKETING_VERSION = 1.0;
				PRODUCT_BUNDLE_IDENTIFIER = saitm.TicTacToeTests;
				PRODUCT_NAME = "$(TARGET_NAME)";
				SWIFT_EMIT_LOC_STRINGS = NO;
				SWIFT_VERSION = 5.0;
				TARGETED_DEVICE_FAMILY = "1,2";
				TEST_HOST = "$(BUILT_PRODUCTS_DIR)/TicTacToe.app/$(BUNDLE_EXECUTABLE_FOLDER_PATH)/TicTacToe";
			};
			name = Release;
		};
		AF4F0DF92BD786A000F1FE90 /* Debug */ = {
			isa = XCBuildConfiguration;
			buildSettings = {
				ALWAYS_EMBED_SWIFT_STANDARD_LIBRARIES = YES;
				CODE_SIGN_STYLE = Automatic;
				CURRENT_PROJECT_VERSION = 1;
				GENERATE_INFOPLIST_FILE = YES;
				MARKETING_VERSION = 1.0;
				PRODUCT_BUNDLE_IDENTIFIER = saitm.TicTacToeUITests;
				PRODUCT_NAME = "$(TARGET_NAME)";
				SWIFT_EMIT_LOC_STRINGS = NO;
				SWIFT_VERSION = 5.0;
				TARGETED_DEVICE_FAMILY = "1,2";
				TEST_TARGET_NAME = TicTacToe;
			};
			name = Debug;
		};
		AF4F0DFA2BD786A000F1FE90 /* Release */ = {
			isa = XCBuildConfiguration;
			buildSettings = {
				ALWAYS_EMBED_SWIFT_STANDARD_LIBRARIES = YES;
				CODE_SIGN_STYLE = Automatic;
				CURRENT_PROJECT_VERSION = 1;
				GENERATE_INFOPLIST_FILE = YES;
				MARKETING_VERSION = 1.0;
				PRODUCT_BUNDLE_IDENTIFIER = saitm.TicTacToeUITests;
				PRODUCT_NAME = "$(TARGET_NAME)";
				SWIFT_EMIT_LOC_STRINGS = NO;
				SWIFT_VERSION = 5.0;
				TARGETED_DEVICE_FAMILY = "1,2";
				TEST_TARGET_NAME = TicTacToe;
			};
			name = Release;
		};
/* End XCBuildConfiguration section */

/* Begin XCConfigurationList section */
		AF4F0DC32BD7869E00F1FE90 /* Build configuration list for PBXProject "TicTacToe" */ = {
			isa = XCConfigurationList;
			buildConfigurations = (
				AF4F0DF02BD786A000F1FE90 /* Debug */,
				AF4F0DF12BD786A000F1FE90 /* Release */,
			);
			defaultConfigurationIsVisible = 0;
			defaultConfigurationName = Release;
		};
		AF4F0DF22BD786A000F1FE90 /* Build configuration list for PBXNativeTarget "TicTacToe" */ = {
			isa = XCConfigurationList;
			buildConfigurations = (
				AF4F0DF32BD786A000F1FE90 /* Debug */,
				AF4F0DF42BD786A000F1FE90 /* Release */,
			);
			defaultConfigurationIsVisible = 0;
			defaultConfigurationName = Release;
		};
		AF4F0DF52BD786A000F1FE90 /* Build configuration list for PBXNativeTarget "TicTacToeTests" */ = {
			isa = XCConfigurationList;
			buildConfigurations = (
				AF4F0DF62BD786A000F1FE90 /* Debug */,
				AF4F0DF72BD786A000F1FE90 /* Release */,
			);
			defaultConfigurationIsVisible = 0;
			defaultConfigurationName = Release;
		};
		AF4F0DF82BD786A000F1FE90 /* Build configuration list for PBXNativeTarget "TicTacToeUITests" */ = {
			isa = XCConfigurationList;
			buildConfigurations = (
				AF4F0DF92BD786A000F1FE90 /* Debug */,
				AF4F0DFA2BD786A000F1FE90 /* Release */,
			);
			defaultConfigurationIsVisible = 0;
			defaultConfigurationName = Release;
		};
/* End XCConfigurationList section */
	};
	rootObject = AF4F0DC02BD7869E00F1FE90 /* Project object */;
}
